
Microsoft Visual Studio Solution File, Format Version 12.00
# Visual Studio Version 16
VisualStudioVersion = 16.0.31129.286
MinimumVisualStudioVersion = 10.0.40219.1
Project("{FAE04EC0-301F-11D3-BF4B-00C04F79EFBC}") = "MyOstHHS", "MyOstHHS\MyOstHHS.csproj", "{4E4F5100-62FC-4DDD-9C0D-2374F9EC563D}"
EndProject
Global
	GlobalSection(SolutionConfigurationPlatforms) = preSolution
		Debug|Any CPU = Debug|Any CPU
		Release|Any CPU = Release|Any CPU
	EndGlobalSection
	GlobalSection(ProjectConfigurationPlatforms) = postSolution
		{4E4F5100-62FC-4DDD-9C0D-2374F9EC563D}.Debug|Any CPU.ActiveCfg = Debug|Any CPU
		{4E4F5100-62FC-4DDD-9C0D-2374F9EC563D}.Debug|Any CPU.Build.0 = Debug|Any CPU
		{4E4F5100-62FC-4DDD-9C0D-2374F9EC563D}.Release|Any CPU.ActiveCfg = Release|Any CPU
		{4E4F5100-62FC-4DDD-9C0D-2374F9EC563D}.Release|Any CPU.Build.0 = Release|Any CPU
	EndGlobalSection
	GlobalSection(SolutionProperties) = preSolution
		HideSolutionNode = FALSE
	EndGlobalSection
	GlobalSection(ExtensibilityGlobals) = postSolution
		SolutionGuid = {C225EE2D-C00A-4843-B9B0-27DAF4C629E9}
	EndGlobalSection
EndGlobal
